
Microsoft Visual Studio Solution File, Format Version 12.00
# Visual Studio Version 16
VisualStudioVersion = 16.0.32228.343
MinimumVisualStudioVersion = 10.0.40219.1
Project("{9A19103F-16F7-4668-BE54-9A1E7A4F7556}") = "ConsoleEjercicio1", "ConsoleEjercicio1\ConsoleEjercicio1.csproj", "{F58D85C0-4EB9-4B86-AF8A-986B5F2DC492}"
EndProject
Project("{9A19103F-16F7-4668-BE54-9A1E7A4F7556}") = "ejer1", "ejer1\ejer1.csproj", "{BB3ADE79-F6DA-469B-82B8-413FDB36DA33}"
EndProject
Project("{9A19103F-16F7-4668-BE54-9A1E7A4F7556}") = "ejer2", "ejer2\ejer2.csproj", "{B48B3E2A-274B-4120-A95F-D4F50203D47E}"
EndProject
Project("{9A19103F-16F7-4668-BE54-9A1E7A4F7556}") = "ejer3", "ejer3\ejer3.csproj", "{AA2A0E0B-25BD-4075-8DFE-52D85A4A7EA6}"
EndProject
Project("{9A19103F-16F7-4668-BE54-9A1E7A4F7556}") = "ejer4", "ejer4\ejer4.csproj", "{B07F5ED0-200E-4B86-BE04-F5612422E5B3}"
EndProject
Project("{9A19103F-16F7-4668-BE54-9A1E7A4F7556}") = "ejer5", "ejer5\ejer5.csproj", "{00B9AC66-3053-44F7-8B95-2D38BC7FBB9D}"
EndProject
Project("{9A19103F-16F7-4668-BE54-9A1E7A4F7556}") = "ejer6", "ejer6\ejer6.csproj", "{1A60CD4E-ADAC-4A39-AED3-93336BCA7774}"
EndProject
Project("{FAE04EC0-301F-11D3-BF4B-00C04F79EFBC}") = "ejer7", "ejer7\ejer7.csproj", "{443DC863-8CDA-4697-81E9-E4A88CB70CE5}"
EndProject
Project("{9A19103F-16F7-4668-BE54-9A1E7A4F7556}") = "ejer8", "ejer8\ejer8.csproj", "{A25DC0DE-4D3E-40E1-8F4B-C3E1A9FD5567}"
EndProject
Project("{9A19103F-16F7-4668-BE54-9A1E7A4F7556}") = "ejer9", "ejer9\ejer9.csproj", "{4814BC7B-F19A-4264-AFD1-162E1AAA127D}"
EndProject
Project("{9A19103F-16F7-4668-BE54-9A1E7A4F7556}") = "ejer10", "ejer10\ejer10.csproj", "{8899FBBA-0997-40E3-90D5-3A7FF9C6E8B9}"
EndProject
Project("{9A19103F-16F7-4668-BE54-9A1E7A4F7556}") = "ejercicioClaseshechoEnClase", "ejercicioClaseshechoEnClase\ejercicioClaseshechoEnClase.csproj", "{3325E0BC-D635-4CAC-9F87-5B61B9A0E7F2}"
EndProject
Project("{9A19103F-16F7-4668-BE54-9A1E7A4F7556}") = "ejer11", "ejer11\ejer11.csproj", "{2B090EFB-FA78-4231-A83D-2114F23AC243}"
EndProject
Project("{9A19103F-16F7-4668-BE54-9A1E7A4F7556}") = "ejer12", "ejer12\ejer12.csproj", "{90BFBC64-6624-4117-834D-3A91D7B7046F}"
EndProject
Project("{9A19103F-16F7-4668-BE54-9A1E7A4F7556}") = "ejer13", "ejer13\ejer13.csproj", "{2FEFDD9F-2B3C-4B27-B48A-232B727D98D1}"
EndProject
Project("{9A19103F-16F7-4668-BE54-9A1E7A4F7556}") = "ejer14", "ejer14\ejer14.csproj", "{55940411-6539-4426-927D-1F1855CC60FF}"
EndProject
Project("{9A19103F-16F7-4668-BE54-9A1E7A4F7556}") = "ejer15", "ejer15\ejer15.csproj", "{ECB42E64-4734-4733-B4E3-E655022655B0}"
EndProject
Project("{9A19103F-16F7-4668-BE54-9A1E7A4F7556}") = "ejer16", "ejer16\ejer16.csproj", "{6228D22C-43A6-4C87-B4E3-80D2A0976967}"
EndProject
Project("{9A19103F-16F7-4668-BE54-9A1E7A4F7556}") = "ejer17", "ejer17\ejer17.csproj", "{B0B3C005-C346-4EB9-91AC-C7760AC457B4}"
EndProject
Project("{9A19103F-16F7-4668-BE54-9A1E7A4F7556}") = "ejer18", "ejer18\ejer18.csproj", "{8B43491A-B93A-41BD-8127-42F1336E8194}"
EndProject
Project("{9A19103F-16F7-4668-BE54-9A1E7A4F7556}") = "ejer19", "ejer19\ejer19.csproj", "{D8392E6B-250B-477F-8987-17D5BABC0EE2}"
EndProject
Project("{9A19103F-16F7-4668-BE54-9A1E7A4F7556}") = "ejer20", "ejer20\ejer20.csproj", "{F27C15CF-B978-40F0-949D-F1C6E4B76693}"
EndProject
Project("{9A19103F-16F7-4668-BE54-9A1E7A4F7556}") = "ejer20PostaElOtroNoCompila", "ejer20PostaElOtroNoCompila\ejer20PostaElOtroNoCompila.csproj", "{6C20F254-FAE3-4E38-B162-57F902611D7F}"
EndProject
Project("{9A19103F-16F7-4668-BE54-9A1E7A4F7556}") = "ejer21", "ejer21\ejer21.csproj", "{79D335EF-25F2-4322-A4E6-4C6758886366}"
EndProject
Project("{9A19103F-16F7-4668-BE54-9A1E7A4F7556}") = "clase4ejercicioSobrecargas", "clase4ejercicioSobrecargas\clase4ejercicioSobrecargas.csproj", "{DD3140A4-E3C3-4CB7-A4D0-EC64B464ACA9}"
EndProject
Project("{2150E333-8FDC-42A3-9474-1A3956D46DE8}") = "EjerciciosClase", "EjerciciosClase", "{E791F013-2B21-44B4-9354-89E20D41013A}"
EndProject
Project("{2150E333-8FDC-42A3-9474-1A3956D46DE8}") = "EjerciciosGuia", "EjerciciosGuia", "{262BC5F9-3C4C-4A2C-A7EF-49D0D48E8DF6}"
EndProject
Project("{2150E333-8FDC-42A3-9474-1A3956D46DE8}") = "BibliotecasClase", "BibliotecasClase", "{3BF155BB-946B-445B-87DC-651709688EBE}"
EndProject
Project("{9A19103F-16F7-4668-BE54-9A1E7A4F7556}") = "ejer22", "ejer22\ejer22.csproj", "{91732F48-CF02-4F9A-B7AF-D1F09D529EE7}"
EndProject
Project("{9A19103F-16F7-4668-BE54-9A1E7A4F7556}") = "BibliotecaBoligrafo", "BibliotecaBoligrafo\BibliotecaBoligrafo.csproj", "{836E0804-C863-44FF-A8D0-5F49953EB710}"
EndProject
Project("{9A19103F-16F7-4668-BE54-9A1E7A4F7556}") = "ejer23", "ejer23\ejer23.csproj", "{EEC07460-A031-49F4-8BC7-0B70E291D6F6}"
EndProject
Project("{9A19103F-16F7-4668-BE54-9A1E7A4F7556}") = "Geometria", "Geometria\Geometria.csproj", "{3313CF9B-F957-489D-9093-D7D02BEE4337}"
EndProject
Project("{9A19103F-16F7-4668-BE54-9A1E7A4F7556}") = "ejer24", "ejer24\ejer24.csproj", "{4F4AF7ED-2690-4676-AA8A-0BB8512DAB57}"
EndProject
Project("{9A19103F-16F7-4668-BE54-9A1E7A4F7556}") = "CamionerosMoyano", "CamionerosMoyano\CamionerosMoyano.csproj", "{CB8DBB2D-F2A4-4D52-8C08-97C888AA8DD8}"
EndProject
Project("{9A19103F-16F7-4668-BE54-9A1E7A4F7556}") = "ejer25", "ejer25\ejer25.csproj", "{C6B59DC6-6F96-4EDD-8E8E-EEB717B3F779}"
EndProject
Project("{9A19103F-16F7-4668-BE54-9A1E7A4F7556}") = "Veterinaria", "Veterinaria\Veterinaria.csproj", "{DAB4F357-11BB-4B0F-89B1-86D6D0195E7A}"
EndProject
Project("{9A19103F-16F7-4668-BE54-9A1E7A4F7556}") = "Clase05", "Clase05\Clase05.csproj", "{3F5446BC-7032-4612-AF7F-A3B4647D41D6}"
EndProject
Project("{9A19103F-16F7-4668-BE54-9A1E7A4F7556}") = "ejer05Entidades", "ejer05Entidades\ejer05Entidades.csproj", "{1CD48906-B022-41B0-995F-96B6B61D093C}"
EndProject
Project("{9A19103F-16F7-4668-BE54-9A1E7A4F7556}") = "ejer31", "ejer31\ejer31.csproj", "{AF544613-1E68-4CFC-9797-C7871F473C73}"
EndProject
Project("{2150E333-8FDC-42A3-9474-1A3956D46DE8}") = "Clase 01 - Introduccion a c sharp", "Clase 01 - Introduccion a c sharp", "{F5F95DC2-3A78-4FDC-B001-1A5071FF817E}"
EndProject
Project("{2150E333-8FDC-42A3-9474-1A3956D46DE8}") = "Clase 02 - Metodos estaticos y Clases", "Clase 02 - Metodos estaticos y Clases", "{14BF6657-C209-4BD3-9377-01445839BED6}"
EndProject
Project("{2150E333-8FDC-42A3-9474-1A3956D46DE8}") = "Clase 03 - Objetos", "Clase 03 - Objetos", "{1AB4C0FD-0274-4C6E-8187-D6459BD340C4}"
EndProject
Project("{2150E333-8FDC-42A3-9474-1A3956D46DE8}") = "Clase 05 - WinForms", "Clase 05 - WinForms", "{34027C59-44DE-4283-A679-A3002D1B229C}"
EndProject
Project("{9A19103F-16F7-4668-BE54-9A1E7A4F7556}") = "ejer 32", "ejer 32\ejer 32.csproj", "{0C7866F5-12E8-493E-AD48-8DDEEB2A1310}"
EndProject
Project("{9A19103F-16F7-4668-BE54-9A1E7A4F7556}") = "Ingresante", "Ingresante\Ingresante.csproj", "{001F1CF8-16E4-460F-8A49-F946C9F096AE}"
EndProject
Project("{2150E333-8FDC-42A3-9474-1A3956D46DE8}") = "Clase 04 - Sobrecargas", "Clase 04 - Sobrecargas", "{AB5E5AD9-F558-477A-8917-CFD92ADC10B8}"
EndProject
Project("{9A19103F-16F7-4668-BE54-9A1E7A4F7556}") = "ejer_26", "ejer_26\ejer_26.csproj", "{1A864E34-536C-41D3-B84F-6B3DFCAD471F}"
EndProject
Project("{9A19103F-16F7-4668-BE54-9A1E7A4F7556}") = "ClaseSumador", "Sumador\ClaseSumador.csproj", "{27062C4C-21D9-4D04-A14C-D45DAD45CAC9}"
EndProject
Project("{9A19103F-16F7-4668-BE54-9A1E7A4F7556}") = "ejer27", "ejer27\ejer27.csproj", "{8A847561-3D4A-4F37-A226-9825233D3531}"
EndProject
Project("{9A19103F-16F7-4668-BE54-9A1E7A4F7556}") = "Cotizador", "Cotizador\Cotizador.csproj", "{DC979F58-B806-47A1-87B2-DCF63657CB01}"
EndProject
Project("{9A19103F-16F7-4668-BE54-9A1E7A4F7556}") = "ejer33", "ejer33\ejer33.csproj", "{537A9CD1-FD55-4A1C-8D60-486FCF22DE7D}"
EndProject
Project("{9A19103F-16F7-4668-BE54-9A1E7A4F7556}") = "Clase7TIntas", "Clase7TIntas\Clase7TIntas.csproj", "{4F780553-E0D3-4E9E-8EAF-455F18FAEB3E}"
EndProject
Project("{9A19103F-16F7-4668-BE54-9A1E7A4F7556}") = "EntidadesClase7Tinta", "EntidadesClase5Tinta\EntidadesClase7Tinta.csproj", "{945ACCDF-D45B-4A10-9FDA-11DFC95A74C3}"
EndProject
Project("{9A19103F-16F7-4668-BE54-9A1E7A4F7556}") = "ejer28", "ejer28\ejer28.csproj", "{99E8ED03-1EEC-4406-AF2D-B14933323183}"
EndProject
Project("{9A19103F-16F7-4668-BE54-9A1E7A4F7556}") = "ConversorBinariodecimalRecargado", "ConversorBinarioDecimalRecargado\ConversorBinariodecimalRecargado.csproj", "{9C4F7B04-6B3A-48B9-83DA-755ACE58D947}"
EndProject
Project("{9A19103F-16F7-4668-BE54-9A1E7A4F7556}") = "ejer30", "ejer30\ejer30.csproj", "{1D321389-68A9-466A-88C1-08A083F97E04}"
EndProject
Project("{9A19103F-16F7-4668-BE54-9A1E7A4F7556}") = "ConversorTemperaturas", "ConversorTemperaturas\ConversorTemperaturas.csproj", "{0646A03A-F70D-4643-B0CF-35A2E2E55622}"
EndProject
Project("{9A19103F-16F7-4668-BE54-9A1E7A4F7556}") = "ejer34", "ejer34\ejer34.csproj", "{C163F16F-F10F-43FC-A2D7-085E56897F37}"
EndProject
Project("{9A19103F-16F7-4668-BE54-9A1E7A4F7556}") = "ejer35", "ejer35\ejer35.csproj", "{7779B8F3-0D26-4A17-A728-42E8725A3DD3}"
EndProject
Project("{2150E333-8FDC-42A3-9474-1A3956D46DE8}") = "Clase 06 - Colecciones", "Clase 06 - Colecciones", "{C80A3367-9C3A-4500-A4BF-F5C3CEE58B5A}"
EndProject
Project("{9A19103F-16F7-4668-BE54-9A1E7A4F7556}") = "ejer36", "ejer36\ejer36.csproj", "{21FE5690-3D70-4E0F-8AE0-DF85FC073438}"
EndProject
Project("{9A19103F-16F7-4668-BE54-9A1E7A4F7556}") = "ejer37", "ejer37\ejer37.csproj", "{EA9EEC01-DA8D-4659-9E04-CAD1287FAE83}"
EndProject
Project("{9A19103F-16F7-4668-BE54-9A1E7A4F7556}") = "ejerr38", "ejerr38\ejerr38.csproj", "{9608CE29-4BAD-4502-AB4C-B0E47F7DBD25}"
EndProject
Project("{9A19103F-16F7-4668-BE54-9A1E7A4F7556}") = "EstadisticaDeportiva", "EstadisticaDeportiva\EstadisticaDeportiva.csproj", "{4EEB66EA-184C-4500-B7E3-FC306C9929A6}"
EndProject
Project("{9A19103F-16F7-4668-BE54-9A1E7A4F7556}") = "ejer39", "ejer39\ejer39.csproj", "{A1039DC7-1BA2-4B98-8DAD-1A4F27E5606F}"
EndProject
Project("{2150E333-8FDC-42A3-9474-1A3956D46DE8}") = "Clase 07 - Encapsulamiento", "Clase 07 - Encapsulamiento", "{79AA638D-EFF1-4CBA-9055-53F9648BDCE8}"
EndProject
Project("{9A19103F-16F7-4668-BE54-9A1E7A4F7556}") = "AtencionCliente", "AtencionCliente\AtencionCliente.csproj", "{C1D903D7-AA96-41FE-A534-05505CD5C788}"
EndProject
Project("{9A19103F-16F7-4668-BE54-9A1E7A4F7556}") = "ejer41", "ejer41\ejer41.csproj", "{430DAC02-27CF-4275-B48B-C2B74BBC96C3}"
EndProject
Project("{9A19103F-16F7-4668-BE54-9A1E7A4F7556}") = "LibroIndexado", "LibroIndexado\LibroIndexado.csproj", "{CD61E6D5-59B9-4C7F-8ECE-3399603EFAFD}"
EndProject
Project("{9A19103F-16F7-4668-BE54-9A1E7A4F7556}") = "ejer42", "ejer42\ejer42.csproj", "{9DD4116E-2868-4722-B916-CBA11C3999FD}"
EndProject
Project("{9A19103F-16F7-4668-BE54-9A1E7A4F7556}") = "EstadisticaDeportiva2.0", "EstadisticaDeportiva2.0\EstadisticaDeportiva2.0.csproj", "{C7B8C33E-2CDF-45F6-9C1B-891ED37558DA}"
EndProject
Project("{9A19103F-16F7-4668-BE54-9A1E7A4F7556}") = "ejer43", "ejer32\ejer43.csproj", "{111A9C4B-5408-4994-B7D1-75899861CA59}"
EndProject
Project("{9A19103F-16F7-4668-BE54-9A1E7A4F7556}") = "Estanteria", "ejer29\Estanteria.csproj", "{261A6364-F1B7-4F8D-B89B-4078604AB54E}"
EndProject
Project("{9A19103F-16F7-4668-BE54-9A1E7A4F7556}") = "ejerr29", "ejerr29\ejerr29.csproj", "{6B08E892-B99C-42A4-933C-D4BE95D18087}"
EndProject
Project("{9A19103F-16F7-4668-BE54-9A1E7A4F7556}") = "InstrumentosMusicales", "InstrumentosMusicales\InstrumentosMusicales.csproj", "{4E22F0FB-B465-48F4-92DD-B23456101903}"
EndProject
Project("{9A19103F-16F7-4668-BE54-9A1E7A4F7556}") = "ejercicioClase8InstrumentosMusicales", "ejercicioClase8InstrumentosMusicales\ejercicioClase8InstrumentosMusicales.csproj", "{54D2F837-957C-458F-86D1-6262C64A692D}"
EndProject
Project("{2150E333-8FDC-42A3-9474-1A3956D46DE8}") = "Clase 08 - Herencia", "Clase 08 - Herencia", "{0ACDCDD1-0898-4565-A7A5-23DFF2F4A536}"
EndProject
Project("{9A19103F-16F7-4668-BE54-9A1E7A4F7556}") = "EntidadesVehiculos", "ejer43\EntidadesVehiculos.csproj", "{B7D354DA-89A6-428D-8445-E4A526386C00}"
EndProject
Project("{9A19103F-16F7-4668-BE54-9A1E7A4F7556}") = "ejer44", "ejer44\ejer44.csproj", "{80C136F5-5B33-4150-8A7B-A7337D522DDE}"
EndProject
Project("{2150E333-8FDC-42A3-9474-1A3956D46DE8}") = "ModelosPL1", "ModelosPL1", "{DA47CC5C-AFD0-48D2-8F86-A93B4D2F1F8A}"
EndProject
Project("{9A19103F-16F7-4668-BE54-9A1E7A4F7556}") = "Parcial_1_2016_LavaderoBiblioteca", "Parcial_1_2016_LavaderoVehiculos\Parcial_1_2016_LavaderoBiblioteca.csproj", "{25E82AE2-C8F8-4869-8861-CB5D06655D2A}"
EndProject
Project("{9A19103F-16F7-4668-BE54-9A1E7A4F7556}") = "Parcial_1_2016_LavaderoConsola", "Parcial_1_2016_LavaderoConsola\Parcial_1_2016_LavaderoConsola.csproj", "{52FAA727-DF94-4C58-A870-656EE756FD32}"
EndProject
Project("{2150E333-8FDC-42A3-9474-1A3956D46DE8}") = "BibliotecasParciales", "BibliotecasParciales", "{759401C8-6E70-4A25-B6A2-58F4B707B120}"
EndProject
Project("{9A19103F-16F7-4668-BE54-9A1E7A4F7556}") = "EjercicioIntegrador_2020_Biblioteca", "EjercicioIntegrador_2020_Biblioteca\EjercicioIntegrador_2020_Biblioteca.csproj", "{0BA57A63-2D3A-485C-BE8B-8188B22DCC90}"
EndProject
Project("{9A19103F-16F7-4668-BE54-9A1E7A4F7556}") = "EjercicioIntegrador_2020_Consola", "EjercicioIntegrador_2020_Consola\EjercicioIntegrador_2020_Consola.csproj", "{75EB9FE1-4D67-46DC-9A3D-C4168C5E6DB6}"
EndProject
Project("{9A19103F-16F7-4668-BE54-9A1E7A4F7556}") = "EstadisticaDeportiva3.0", "EstadisticaDeportiva3.0\EstadisticaDeportiva3.0.csproj", "{DA626A15-0802-4103-AF2B-947F1E4ED786}"
EndProject
Project("{9A19103F-16F7-4668-BE54-9A1E7A4F7556}") = "ejer45", "ejer45\ejer45.csproj", "{FB9D1BED-6723-475A-80DB-40FFC1DD2B6B}"
EndProject
Project("{9A19103F-16F7-4668-BE54-9A1E7A4F7556}") = "Parcial_1_2021_Biblioteca", "Parcial_1_2021\Parcial_1_2021_Biblioteca.csproj", "{84EE4FEC-BB21-4B66-893E-5C9225FF8FB5}"
EndProject
Project("{9A19103F-16F7-4668-BE54-9A1E7A4F7556}") = "Parcial_1_2021_Consola", "Parcial_1_2021_Consola\Parcial_1_2021_Consola.csproj", "{368DBCE6-1209-4681-A52D-F1D8264641AC}"
EndProject
Project("{9A19103F-16F7-4668-BE54-9A1E7A4F7556}") = "Parcial_1_RECUPERATORIO_2021_Biblioteca", "Parcial_1_RECUPERATORIO_2021_Biblioteca\Parcial_1_RECUPERATORIO_2021_Biblioteca.csproj", "{149CB870-260C-4615-B1CD-9D725967942E}"
EndProject
Project("{9A19103F-16F7-4668-BE54-9A1E7A4F7556}") = "Parcial_1_RECUPERATORIO_2021_Consola", "Parcial_1_RECUPERATORIO_2021_Consola\Parcial_1_RECUPERATORIO_2021_Consola.csproj", "{85A2AD4B-B811-4FDB-A915-4792B00A5BBA}"
EndProject
Project("{9A19103F-16F7-4668-BE54-9A1E7A4F7556}") = "Parcial_Labo1_Dispositivos_Biblioteca", "Parcial_Labo1_Dispositivos_Biblioteca\Parcial_Labo1_Dispositivos_Biblioteca.csproj", "{3113F69B-F366-4E35-8733-2A3EC35E1C8A}"
EndProject
Project("{9A19103F-16F7-4668-BE54-9A1E7A4F7556}") = "Parcial_Labo1_Dispositivos_Form", "Parcial_Labo1_Dispositivos_Form\Parcial_Labo1_Dispositivos_Form.csproj", "{E68F0D6C-B321-4AA9-BBA1-6B7062FD4D2B}"
EndProject
Project("{9A19103F-16F7-4668-BE54-9A1E7A4F7556}") = "Parcial_Labo1_LaLibreria_Biblioteca", "Parcial_Labo1_LaLibreria_Biblioteca\Parcial_Labo1_LaLibreria_Biblioteca.csproj", "{DB291F04-461D-4188-8BEB-682907BC166C}"
EndProject
Project("{9A19103F-16F7-4668-BE54-9A1E7A4F7556}") = "FrmTest", "FrmTest\FrmTest.csproj", "{0BF950B2-62EA-4AC2-9F0C-8EF195D8F3C3}"
EndProject
Project("{9A19103F-16F7-4668-BE54-9A1E7A4F7556}") = "MODELO_PP_LABORATORIO_II_2020_Animales", "MODELO_PP_LABORATORIO_II_2020_Animales\MODELO_PP_LABORATORIO_II_2020_Animales.csproj", "{BF1D42E3-0E67-478A-9276-EAEB879B22ED}"
EndProject
Project("{9A19103F-16F7-4668-BE54-9A1E7A4F7556}") = "MODELO_PP_LABORATORIO_2_Consola", "MODELO_PP_LABORATORIO_2_Consola\MODELO_PP_LABORATORIO_2_Consola.csproj", "{19390106-814C-4978-8191-31F47EFAD2AA}"
EndProject
Project("{9A19103F-16F7-4668-BE54-9A1E7A4F7556}") = "EnciendanSusMotores", "EnciendanSusMotores\EnciendanSusMotores.csproj", "{BB236570-80E8-41C0-B969-4FA8A1BD9177}"
EndProject
Project("{9A19103F-16F7-4668-BE54-9A1E7A4F7556}") = "ejer40", "ejer40\ejer40.csproj", "{BAFFD411-8AE5-43D9-A9B1-04FF699E4F69}"
EndProject
Project("{9A19103F-16F7-4668-BE54-9A1E7A4F7556}") = "EnciendanSusMotores2.0", "EnciendanSusMotores2.0\EnciendanSusMotores2.0.csproj", "{9D97F69D-C997-4B00-9899-0F73147C7B9C}"
EndProject
Project("{9A19103F-16F7-4668-BE54-9A1E7A4F7556}") = "ejer46", "ejer46\ejer46.csproj", "{F29B5CA8-6D99-441A-96E0-A69375EC101E}"
EndProject
Global
	GlobalSection(SolutionConfigurationPlatforms) = preSolution
		Debug|Any CPU = Debug|Any CPU
		Release|Any CPU = Release|Any CPU
	EndGlobalSection
	GlobalSection(ProjectConfigurationPlatforms) = postSolution
		{F58D85C0-4EB9-4B86-AF8A-986B5F2DC492}.Debug|Any CPU.ActiveCfg = Debug|Any CPU
		{F58D85C0-4EB9-4B86-AF8A-986B5F2DC492}.Debug|Any CPU.Build.0 = Debug|Any CPU
		{F58D85C0-4EB9-4B86-AF8A-986B5F2DC492}.Release|Any CPU.ActiveCfg = Release|Any CPU
		{F58D85C0-4EB9-4B86-AF8A-986B5F2DC492}.Release|Any CPU.Build.0 = Release|Any CPU
		{BB3ADE79-F6DA-469B-82B8-413FDB36DA33}.Debug|Any CPU.ActiveCfg = Debug|Any CPU
		{BB3ADE79-F6DA-469B-82B8-413FDB36DA33}.Debug|Any CPU.Build.0 = Debug|Any CPU
		{BB3ADE79-F6DA-469B-82B8-413FDB36DA33}.Release|Any CPU.ActiveCfg = Release|Any CPU
		{BB3ADE79-F6DA-469B-82B8-413FDB36DA33}.Release|Any CPU.Build.0 = Release|Any CPU
		{B48B3E2A-274B-4120-A95F-D4F50203D47E}.Debug|Any CPU.ActiveCfg = Debug|Any CPU
		{B48B3E2A-274B-4120-A95F-D4F50203D47E}.Debug|Any CPU.Build.0 = Debug|Any CPU
		{B48B3E2A-274B-4120-A95F-D4F50203D47E}.Release|Any CPU.ActiveCfg = Release|Any CPU
		{B48B3E2A-274B-4120-A95F-D4F50203D47E}.Release|Any CPU.Build.0 = Release|Any CPU
		{AA2A0E0B-25BD-4075-8DFE-52D85A4A7EA6}.Debug|Any CPU.ActiveCfg = Debug|Any CPU
		{AA2A0E0B-25BD-4075-8DFE-52D85A4A7EA6}.Debug|Any CPU.Build.0 = Debug|Any CPU
		{AA2A0E0B-25BD-4075-8DFE-52D85A4A7EA6}.Release|Any CPU.ActiveCfg = Release|Any CPU
		{AA2A0E0B-25BD-4075-8DFE-52D85A4A7EA6}.Release|Any CPU.Build.0 = Release|Any CPU
		{B07F5ED0-200E-4B86-BE04-F5612422E5B3}.Debug|Any CPU.ActiveCfg = Debug|Any CPU
		{B07F5ED0-200E-4B86-BE04-F5612422E5B3}.Debug|Any CPU.Build.0 = Debug|Any CPU
		{B07F5ED0-200E-4B86-BE04-F5612422E5B3}.Release|Any CPU.ActiveCfg = Release|Any CPU
		{B07F5ED0-200E-4B86-BE04-F5612422E5B3}.Release|Any CPU.Build.0 = Release|Any CPU
		{00B9AC66-3053-44F7-8B95-2D38BC7FBB9D}.Debug|Any CPU.ActiveCfg = Debug|Any CPU
		{00B9AC66-3053-44F7-8B95-2D38BC7FBB9D}.Debug|Any CPU.Build.0 = Debug|Any CPU
		{00B9AC66-3053-44F7-8B95-2D38BC7FBB9D}.Release|Any CPU.ActiveCfg = Release|Any CPU
		{00B9AC66-3053-44F7-8B95-2D38BC7FBB9D}.Release|Any CPU.Build.0 = Release|Any CPU
		{1A60CD4E-ADAC-4A39-AED3-93336BCA7774}.Debug|Any CPU.ActiveCfg = Debug|Any CPU
		{1A60CD4E-ADAC-4A39-AED3-93336BCA7774}.Debug|Any CPU.Build.0 = Debug|Any CPU
		{1A60CD4E-ADAC-4A39-AED3-93336BCA7774}.Release|Any CPU.ActiveCfg = Release|Any CPU
		{1A60CD4E-ADAC-4A39-AED3-93336BCA7774}.Release|Any CPU.Build.0 = Release|Any CPU
		{443DC863-8CDA-4697-81E9-E4A88CB70CE5}.Debug|Any CPU.ActiveCfg = Debug|Any CPU
		{443DC863-8CDA-4697-81E9-E4A88CB70CE5}.Debug|Any CPU.Build.0 = Debug|Any CPU
		{443DC863-8CDA-4697-81E9-E4A88CB70CE5}.Release|Any CPU.ActiveCfg = Release|Any CPU
		{443DC863-8CDA-4697-81E9-E4A88CB70CE5}.Release|Any CPU.Build.0 = Release|Any CPU
		{A25DC0DE-4D3E-40E1-8F4B-C3E1A9FD5567}.Debug|Any CPU.ActiveCfg = Debug|Any CPU
		{A25DC0DE-4D3E-40E1-8F4B-C3E1A9FD5567}.Debug|Any CPU.Build.0 = Debug|Any CPU
		{A25DC0DE-4D3E-40E1-8F4B-C3E1A9FD5567}.Release|Any CPU.ActiveCfg = Release|Any CPU
		{A25DC0DE-4D3E-40E1-8F4B-C3E1A9FD5567}.Release|Any CPU.Build.0 = Release|Any CPU
		{4814BC7B-F19A-4264-AFD1-162E1AAA127D}.Debug|Any CPU.ActiveCfg = Debug|Any CPU
		{4814BC7B-F19A-4264-AFD1-162E1AAA127D}.Debug|Any CPU.Build.0 = Debug|Any CPU
		{4814BC7B-F19A-4264-AFD1-162E1AAA127D}.Release|Any CPU.ActiveCfg = Release|Any CPU
		{4814BC7B-F19A-4264-AFD1-162E1AAA127D}.Release|Any CPU.Build.0 = Release|Any CPU
		{8899FBBA-0997-40E3-90D5-3A7FF9C6E8B9}.Debug|Any CPU.ActiveCfg = Debug|Any CPU
		{8899FBBA-0997-40E3-90D5-3A7FF9C6E8B9}.Debug|Any CPU.Build.0 = Debug|Any CPU
		{8899FBBA-0997-40E3-90D5-3A7FF9C6E8B9}.Release|Any CPU.ActiveCfg = Release|Any CPU
		{8899FBBA-0997-40E3-90D5-3A7FF9C6E8B9}.Release|Any CPU.Build.0 = Release|Any CPU
		{3325E0BC-D635-4CAC-9F87-5B61B9A0E7F2}.Debug|Any CPU.ActiveCfg = Debug|Any CPU
		{3325E0BC-D635-4CAC-9F87-5B61B9A0E7F2}.Debug|Any CPU.Build.0 = Debug|Any CPU
		{3325E0BC-D635-4CAC-9F87-5B61B9A0E7F2}.Release|Any CPU.ActiveCfg = Release|Any CPU
		{3325E0BC-D635-4CAC-9F87-5B61B9A0E7F2}.Release|Any CPU.Build.0 = Release|Any CPU
		{2B090EFB-FA78-4231-A83D-2114F23AC243}.Debug|Any CPU.ActiveCfg = Debug|Any CPU
		{2B090EFB-FA78-4231-A83D-2114F23AC243}.Debug|Any CPU.Build.0 = Debug|Any CPU
		{2B090EFB-FA78-4231-A83D-2114F23AC243}.Release|Any CPU.ActiveCfg = Release|Any CPU
		{2B090EFB-FA78-4231-A83D-2114F23AC243}.Release|Any CPU.Build.0 = Release|Any CPU
		{90BFBC64-6624-4117-834D-3A91D7B7046F}.Debug|Any CPU.ActiveCfg = Debug|Any CPU
		{90BFBC64-6624-4117-834D-3A91D7B7046F}.Debug|Any CPU.Build.0 = Debug|Any CPU
		{90BFBC64-6624-4117-834D-3A91D7B7046F}.Release|Any CPU.ActiveCfg = Release|Any CPU
		{90BFBC64-6624-4117-834D-3A91D7B7046F}.Release|Any CPU.Build.0 = Release|Any CPU
		{2FEFDD9F-2B3C-4B27-B48A-232B727D98D1}.Debug|Any CPU.ActiveCfg = Debug|Any CPU
		{2FEFDD9F-2B3C-4B27-B48A-232B727D98D1}.Debug|Any CPU.Build.0 = Debug|Any CPU
		{2FEFDD9F-2B3C-4B27-B48A-232B727D98D1}.Release|Any CPU.ActiveCfg = Release|Any CPU
		{2FEFDD9F-2B3C-4B27-B48A-232B727D98D1}.Release|Any CPU.Build.0 = Release|Any CPU
		{55940411-6539-4426-927D-1F1855CC60FF}.Debug|Any CPU.ActiveCfg = Debug|Any CPU
		{55940411-6539-4426-927D-1F1855CC60FF}.Debug|Any CPU.Build.0 = Debug|Any CPU
		{55940411-6539-4426-927D-1F1855CC60FF}.Release|Any CPU.ActiveCfg = Release|Any CPU
		{55940411-6539-4426-927D-1F1855CC60FF}.Release|Any CPU.Build.0 = Release|Any CPU
		{ECB42E64-4734-4733-B4E3-E655022655B0}.Debug|Any CPU.ActiveCfg = Debug|Any CPU
		{ECB42E64-4734-4733-B4E3-E655022655B0}.Debug|Any CPU.Build.0 = Debug|Any CPU
		{ECB42E64-4734-4733-B4E3-E655022655B0}.Release|Any CPU.ActiveCfg = Release|Any CPU
		{ECB42E64-4734-4733-B4E3-E655022655B0}.Release|Any CPU.Build.0 = Release|Any CPU
		{6228D22C-43A6-4C87-B4E3-80D2A0976967}.Debug|Any CPU.ActiveCfg = Debug|Any CPU
		{6228D22C-43A6-4C87-B4E3-80D2A0976967}.Debug|Any CPU.Build.0 = Debug|Any CPU
		{6228D22C-43A6-4C87-B4E3-80D2A0976967}.Release|Any CPU.ActiveCfg = Release|Any CPU
		{6228D22C-43A6-4C87-B4E3-80D2A0976967}.Release|Any CPU.Build.0 = Release|Any CPU
		{B0B3C005-C346-4EB9-91AC-C7760AC457B4}.Debug|Any CPU.ActiveCfg = Debug|Any CPU
		{B0B3C005-C346-4EB9-91AC-C7760AC457B4}.Debug|Any CPU.Build.0 = Debug|Any CPU
		{B0B3C005-C346-4EB9-91AC-C7760AC457B4}.Release|Any CPU.ActiveCfg = Release|Any CPU
		{B0B3C005-C346-4EB9-91AC-C7760AC457B4}.Release|Any CPU.Build.0 = Release|Any CPU
		{8B43491A-B93A-41BD-8127-42F1336E8194}.Debug|Any CPU.ActiveCfg = Debug|Any CPU
		{8B43491A-B93A-41BD-8127-42F1336E8194}.Debug|Any CPU.Build.0 = Debug|Any CPU
		{8B43491A-B93A-41BD-8127-42F1336E8194}.Release|Any CPU.ActiveCfg = Release|Any CPU
		{8B43491A-B93A-41BD-8127-42F1336E8194}.Release|Any CPU.Build.0 = Release|Any CPU
		{D8392E6B-250B-477F-8987-17D5BABC0EE2}.Debug|Any CPU.ActiveCfg = Debug|Any CPU
		{D8392E6B-250B-477F-8987-17D5BABC0EE2}.Debug|Any CPU.Build.0 = Debug|Any CPU
		{D8392E6B-250B-477F-8987-17D5BABC0EE2}.Release|Any CPU.ActiveCfg = Release|Any CPU
		{D8392E6B-250B-477F-8987-17D5BABC0EE2}.Release|Any CPU.Build.0 = Release|Any CPU
		{F27C15CF-B978-40F0-949D-F1C6E4B76693}.Debug|Any CPU.ActiveCfg = Debug|Any CPU
		{F27C15CF-B978-40F0-949D-F1C6E4B76693}.Debug|Any CPU.Build.0 = Debug|Any CPU
		{F27C15CF-B978-40F0-949D-F1C6E4B76693}.Release|Any CPU.ActiveCfg = Release|Any CPU
		{F27C15CF-B978-40F0-949D-F1C6E4B76693}.Release|Any CPU.Build.0 = Release|Any CPU
		{6C20F254-FAE3-4E38-B162-57F902611D7F}.Debug|Any CPU.ActiveCfg = Debug|Any CPU
		{6C20F254-FAE3-4E38-B162-57F902611D7F}.Debug|Any CPU.Build.0 = Debug|Any CPU
		{6C20F254-FAE3-4E38-B162-57F902611D7F}.Release|Any CPU.ActiveCfg = Release|Any CPU
		{6C20F254-FAE3-4E38-B162-57F902611D7F}.Release|Any CPU.Build.0 = Release|Any CPU
		{79D335EF-25F2-4322-A4E6-4C6758886366}.Debug|Any CPU.ActiveCfg = Debug|Any CPU
		{79D335EF-25F2-4322-A4E6-4C6758886366}.Debug|Any CPU.Build.0 = Debug|Any CPU
		{79D335EF-25F2-4322-A4E6-4C6758886366}.Release|Any CPU.ActiveCfg = Release|Any CPU
		{79D335EF-25F2-4322-A4E6-4C6758886366}.Release|Any CPU.Build.0 = Release|Any CPU
		{DD3140A4-E3C3-4CB7-A4D0-EC64B464ACA9}.Debug|Any CPU.ActiveCfg = Debug|Any CPU
		{DD3140A4-E3C3-4CB7-A4D0-EC64B464ACA9}.Debug|Any CPU.Build.0 = Debug|Any CPU
		{DD3140A4-E3C3-4CB7-A4D0-EC64B464ACA9}.Release|Any CPU.ActiveCfg = Release|Any CPU
		{DD3140A4-E3C3-4CB7-A4D0-EC64B464ACA9}.Release|Any CPU.Build.0 = Release|Any CPU
		{91732F48-CF02-4F9A-B7AF-D1F09D529EE7}.Debug|Any CPU.ActiveCfg = Debug|Any CPU
		{91732F48-CF02-4F9A-B7AF-D1F09D529EE7}.Debug|Any CPU.Build.0 = Debug|Any CPU
		{91732F48-CF02-4F9A-B7AF-D1F09D529EE7}.Release|Any CPU.ActiveCfg = Release|Any CPU
		{91732F48-CF02-4F9A-B7AF-D1F09D529EE7}.Release|Any CPU.Build.0 = Release|Any CPU
		{836E0804-C863-44FF-A8D0-5F49953EB710}.Debug|Any CPU.ActiveCfg = Debug|Any CPU
		{836E0804-C863-44FF-A8D0-5F49953EB710}.Debug|Any CPU.Build.0 = Debug|Any CPU
		{836E0804-C863-44FF-A8D0-5F49953EB710}.Release|Any CPU.ActiveCfg = Release|Any CPU
		{836E0804-C863-44FF-A8D0-5F49953EB710}.Release|Any CPU.Build.0 = Release|Any CPU
		{EEC07460-A031-49F4-8BC7-0B70E291D6F6}.Debug|Any CPU.ActiveCfg = Debug|Any CPU
		{EEC07460-A031-49F4-8BC7-0B70E291D6F6}.Debug|Any CPU.Build.0 = Debug|Any CPU
		{EEC07460-A031-49F4-8BC7-0B70E291D6F6}.Release|Any CPU.ActiveCfg = Release|Any CPU
		{EEC07460-A031-49F4-8BC7-0B70E291D6F6}.Release|Any CPU.Build.0 = Release|Any CPU
		{3313CF9B-F957-489D-9093-D7D02BEE4337}.Debug|Any CPU.ActiveCfg = Debug|Any CPU
		{3313CF9B-F957-489D-9093-D7D02BEE4337}.Debug|Any CPU.Build.0 = Debug|Any CPU
		{3313CF9B-F957-489D-9093-D7D02BEE4337}.Release|Any CPU.ActiveCfg = Release|Any CPU
		{3313CF9B-F957-489D-9093-D7D02BEE4337}.Release|Any CPU.Build.0 = Release|Any CPU
		{4F4AF7ED-2690-4676-AA8A-0BB8512DAB57}.Debug|Any CPU.ActiveCfg = Debug|Any CPU
		{4F4AF7ED-2690-4676-AA8A-0BB8512DAB57}.Debug|Any CPU.Build.0 = Debug|Any CPU
		{4F4AF7ED-2690-4676-AA8A-0BB8512DAB57}.Release|Any CPU.ActiveCfg = Release|Any CPU
		{4F4AF7ED-2690-4676-AA8A-0BB8512DAB57}.Release|Any CPU.Build.0 = Release|Any CPU
		{CB8DBB2D-F2A4-4D52-8C08-97C888AA8DD8}.Debug|Any CPU.ActiveCfg = Debug|Any CPU
		{CB8DBB2D-F2A4-4D52-8C08-97C888AA8DD8}.Debug|Any CPU.Build.0 = Debug|Any CPU
		{CB8DBB2D-F2A4-4D52-8C08-97C888AA8DD8}.Release|Any CPU.ActiveCfg = Release|Any CPU
		{CB8DBB2D-F2A4-4D52-8C08-97C888AA8DD8}.Release|Any CPU.Build.0 = Release|Any CPU
		{C6B59DC6-6F96-4EDD-8E8E-EEB717B3F779}.Debug|Any CPU.ActiveCfg = Debug|Any CPU
		{C6B59DC6-6F96-4EDD-8E8E-EEB717B3F779}.Debug|Any CPU.Build.0 = Debug|Any CPU
		{C6B59DC6-6F96-4EDD-8E8E-EEB717B3F779}.Release|Any CPU.ActiveCfg = Release|Any CPU
		{C6B59DC6-6F96-4EDD-8E8E-EEB717B3F779}.Release|Any CPU.Build.0 = Release|Any CPU
		{DAB4F357-11BB-4B0F-89B1-86D6D0195E7A}.Debug|Any CPU.ActiveCfg = Debug|Any CPU
		{DAB4F357-11BB-4B0F-89B1-86D6D0195E7A}.Debug|Any CPU.Build.0 = Debug|Any CPU
		{DAB4F357-11BB-4B0F-89B1-86D6D0195E7A}.Release|Any CPU.ActiveCfg = Release|Any CPU
		{DAB4F357-11BB-4B0F-89B1-86D6D0195E7A}.Release|Any CPU.Build.0 = Release|Any CPU
		{3F5446BC-7032-4612-AF7F-A3B4647D41D6}.Debug|Any CPU.ActiveCfg = Debug|Any CPU
		{3F5446BC-7032-4612-AF7F-A3B4647D41D6}.Debug|Any CPU.Build.0 = Debug|Any CPU
		{3F5446BC-7032-4612-AF7F-A3B4647D41D6}.Release|Any CPU.ActiveCfg = Release|Any CPU
		{3F5446BC-7032-4612-AF7F-A3B4647D41D6}.Release|Any CPU.Build.0 = Release|Any CPU
		{1CD48906-B022-41B0-995F-96B6B61D093C}.Debug|Any CPU.ActiveCfg = Debug|Any CPU
		{1CD48906-B022-41B0-995F-96B6B61D093C}.Debug|Any CPU.Build.0 = Debug|Any CPU
		{1CD48906-B022-41B0-995F-96B6B61D093C}.Release|Any CPU.ActiveCfg = Release|Any CPU
		{1CD48906-B022-41B0-995F-96B6B61D093C}.Release|Any CPU.Build.0 = Release|Any CPU
		{AF544613-1E68-4CFC-9797-C7871F473C73}.Debug|Any CPU.ActiveCfg = Debug|Any CPU
		{AF544613-1E68-4CFC-9797-C7871F473C73}.Debug|Any CPU.Build.0 = Debug|Any CPU
		{AF544613-1E68-4CFC-9797-C7871F473C73}.Release|Any CPU.ActiveCfg = Release|Any CPU
		{AF544613-1E68-4CFC-9797-C7871F473C73}.Release|Any CPU.Build.0 = Release|Any CPU
		{0C7866F5-12E8-493E-AD48-8DDEEB2A1310}.Debug|Any CPU.ActiveCfg = Debug|Any CPU
		{0C7866F5-12E8-493E-AD48-8DDEEB2A1310}.Debug|Any CPU.Build.0 = Debug|Any CPU
		{0C7866F5-12E8-493E-AD48-8DDEEB2A1310}.Release|Any CPU.ActiveCfg = Release|Any CPU
		{0C7866F5-12E8-493E-AD48-8DDEEB2A1310}.Release|Any CPU.Build.0 = Release|Any CPU
		{001F1CF8-16E4-460F-8A49-F946C9F096AE}.Debug|Any CPU.ActiveCfg = Debug|Any CPU
		{001F1CF8-16E4-460F-8A49-F946C9F096AE}.Debug|Any CPU.Build.0 = Debug|Any CPU
		{001F1CF8-16E4-460F-8A49-F946C9F096AE}.Release|Any CPU.ActiveCfg = Release|Any CPU
		{001F1CF8-16E4-460F-8A49-F946C9F096AE}.Release|Any CPU.Build.0 = Release|Any CPU
		{1A864E34-536C-41D3-B84F-6B3DFCAD471F}.Debug|Any CPU.ActiveCfg = Debug|Any CPU
		{1A864E34-536C-41D3-B84F-6B3DFCAD471F}.Debug|Any CPU.Build.0 = Debug|Any CPU
		{1A864E34-536C-41D3-B84F-6B3DFCAD471F}.Release|Any CPU.ActiveCfg = Release|Any CPU
		{1A864E34-536C-41D3-B84F-6B3DFCAD471F}.Release|Any CPU.Build.0 = Release|Any CPU
		{27062C4C-21D9-4D04-A14C-D45DAD45CAC9}.Debug|Any CPU.ActiveCfg = Debug|Any CPU
		{27062C4C-21D9-4D04-A14C-D45DAD45CAC9}.Debug|Any CPU.Build.0 = Debug|Any CPU
		{27062C4C-21D9-4D04-A14C-D45DAD45CAC9}.Release|Any CPU.ActiveCfg = Release|Any CPU
		{27062C4C-21D9-4D04-A14C-D45DAD45CAC9}.Release|Any CPU.Build.0 = Release|Any CPU
		{8A847561-3D4A-4F37-A226-9825233D3531}.Debug|Any CPU.ActiveCfg = Debug|Any CPU
		{8A847561-3D4A-4F37-A226-9825233D3531}.Debug|Any CPU.Build.0 = Debug|Any CPU
		{8A847561-3D4A-4F37-A226-9825233D3531}.Release|Any CPU.ActiveCfg = Release|Any CPU
		{8A847561-3D4A-4F37-A226-9825233D3531}.Release|Any CPU.Build.0 = Release|Any CPU
		{DC979F58-B806-47A1-87B2-DCF63657CB01}.Debug|Any CPU.ActiveCfg = Debug|Any CPU
		{DC979F58-B806-47A1-87B2-DCF63657CB01}.Debug|Any CPU.Build.0 = Debug|Any CPU
		{DC979F58-B806-47A1-87B2-DCF63657CB01}.Release|Any CPU.ActiveCfg = Release|Any CPU
		{DC979F58-B806-47A1-87B2-DCF63657CB01}.Release|Any CPU.Build.0 = Release|Any CPU
		{537A9CD1-FD55-4A1C-8D60-486FCF22DE7D}.Debug|Any CPU.ActiveCfg = Debug|Any CPU
		{537A9CD1-FD55-4A1C-8D60-486FCF22DE7D}.Debug|Any CPU.Build.0 = Debug|Any CPU
		{537A9CD1-FD55-4A1C-8D60-486FCF22DE7D}.Release|Any CPU.ActiveCfg = Release|Any CPU
		{537A9CD1-FD55-4A1C-8D60-486FCF22DE7D}.Release|Any CPU.Build.0 = Release|Any CPU
		{4F780553-E0D3-4E9E-8EAF-455F18FAEB3E}.Debug|Any CPU.ActiveCfg = Debug|Any CPU
		{4F780553-E0D3-4E9E-8EAF-455F18FAEB3E}.Debug|Any CPU.Build.0 = Debug|Any CPU
		{4F780553-E0D3-4E9E-8EAF-455F18FAEB3E}.Release|Any CPU.ActiveCfg = Release|Any CPU
		{4F780553-E0D3-4E9E-8EAF-455F18FAEB3E}.Release|Any CPU.Build.0 = Release|Any CPU
		{945ACCDF-D45B-4A10-9FDA-11DFC95A74C3}.Debug|Any CPU.ActiveCfg = Debug|Any CPU
		{945ACCDF-D45B-4A10-9FDA-11DFC95A74C3}.Debug|Any CPU.Build.0 = Debug|Any CPU
		{945ACCDF-D45B-4A10-9FDA-11DFC95A74C3}.Release|Any CPU.ActiveCfg = Release|Any CPU
		{945ACCDF-D45B-4A10-9FDA-11DFC95A74C3}.Release|Any CPU.Build.0 = Release|Any CPU
		{99E8ED03-1EEC-4406-AF2D-B14933323183}.Debug|Any CPU.ActiveCfg = Debug|Any CPU
		{99E8ED03-1EEC-4406-AF2D-B14933323183}.Debug|Any CPU.Build.0 = Debug|Any CPU
		{99E8ED03-1EEC-4406-AF2D-B14933323183}.Release|Any CPU.ActiveCfg = Release|Any CPU
		{99E8ED03-1EEC-4406-AF2D-B14933323183}.Release|Any CPU.Build.0 = Release|Any CPU
		{9C4F7B04-6B3A-48B9-83DA-755ACE58D947}.Debug|Any CPU.ActiveCfg = Debug|Any CPU
		{9C4F7B04-6B3A-48B9-83DA-755ACE58D947}.Debug|Any CPU.Build.0 = Debug|Any CPU
		{9C4F7B04-6B3A-48B9-83DA-755ACE58D947}.Release|Any CPU.ActiveCfg = Release|Any CPU
		{9C4F7B04-6B3A-48B9-83DA-755ACE58D947}.Release|Any CPU.Build.0 = Release|Any CPU
		{1D321389-68A9-466A-88C1-08A083F97E04}.Debug|Any CPU.ActiveCfg = Debug|Any CPU
		{1D321389-68A9-466A-88C1-08A083F97E04}.Debug|Any CPU.Build.0 = Debug|Any CPU
		{1D321389-68A9-466A-88C1-08A083F97E04}.Release|Any CPU.ActiveCfg = Release|Any CPU
		{1D321389-68A9-466A-88C1-08A083F97E04}.Release|Any CPU.Build.0 = Release|Any CPU
		{0646A03A-F70D-4643-B0CF-35A2E2E55622}.Debug|Any CPU.ActiveCfg = Debug|Any CPU
		{0646A03A-F70D-4643-B0CF-35A2E2E55622}.Debug|Any CPU.Build.0 = Debug|Any CPU
		{0646A03A-F70D-4643-B0CF-35A2E2E55622}.Release|Any CPU.ActiveCfg = Release|Any CPU
		{0646A03A-F70D-4643-B0CF-35A2E2E55622}.Release|Any CPU.Build.0 = Release|Any CPU
		{C163F16F-F10F-43FC-A2D7-085E56897F37}.Debug|Any CPU.ActiveCfg = Debug|Any CPU
		{C163F16F-F10F-43FC-A2D7-085E56897F37}.Debug|Any CPU.Build.0 = Debug|Any CPU
		{C163F16F-F10F-43FC-A2D7-085E56897F37}.Release|Any CPU.ActiveCfg = Release|Any CPU
		{C163F16F-F10F-43FC-A2D7-085E56897F37}.Release|Any CPU.Build.0 = Release|Any CPU
		{7779B8F3-0D26-4A17-A728-42E8725A3DD3}.Debug|Any CPU.ActiveCfg = Debug|Any CPU
		{7779B8F3-0D26-4A17-A728-42E8725A3DD3}.Debug|Any CPU.Build.0 = Debug|Any CPU
		{7779B8F3-0D26-4A17-A728-42E8725A3DD3}.Release|Any CPU.ActiveCfg = Release|Any CPU
		{7779B8F3-0D26-4A17-A728-42E8725A3DD3}.Release|Any CPU.Build.0 = Release|Any CPU
		{21FE5690-3D70-4E0F-8AE0-DF85FC073438}.Debug|Any CPU.ActiveCfg = Debug|Any CPU
		{21FE5690-3D70-4E0F-8AE0-DF85FC073438}.Debug|Any CPU.Build.0 = Debug|Any CPU
		{21FE5690-3D70-4E0F-8AE0-DF85FC073438}.Release|Any CPU.ActiveCfg = Release|Any CPU
		{21FE5690-3D70-4E0F-8AE0-DF85FC073438}.Release|Any CPU.Build.0 = Release|Any CPU
		{EA9EEC01-DA8D-4659-9E04-CAD1287FAE83}.Debug|Any CPU.ActiveCfg = Debug|Any CPU
		{EA9EEC01-DA8D-4659-9E04-CAD1287FAE83}.Debug|Any CPU.Build.0 = Debug|Any CPU
		{EA9EEC01-DA8D-4659-9E04-CAD1287FAE83}.Release|Any CPU.ActiveCfg = Release|Any CPU
		{EA9EEC01-DA8D-4659-9E04-CAD1287FAE83}.Release|Any CPU.Build.0 = Release|Any CPU
		{9608CE29-4BAD-4502-AB4C-B0E47F7DBD25}.Debug|Any CPU.ActiveCfg = Debug|Any CPU
		{9608CE29-4BAD-4502-AB4C-B0E47F7DBD25}.Debug|Any CPU.Build.0 = Debug|Any CPU
		{9608CE29-4BAD-4502-AB4C-B0E47F7DBD25}.Release|Any CPU.ActiveCfg = Release|Any CPU
		{9608CE29-4BAD-4502-AB4C-B0E47F7DBD25}.Release|Any CPU.Build.0 = Release|Any CPU
		{4EEB66EA-184C-4500-B7E3-FC306C9929A6}.Debug|Any CPU.ActiveCfg = Debug|Any CPU
		{4EEB66EA-184C-4500-B7E3-FC306C9929A6}.Debug|Any CPU.Build.0 = Debug|Any CPU
		{4EEB66EA-184C-4500-B7E3-FC306C9929A6}.Release|Any CPU.ActiveCfg = Release|Any CPU
		{4EEB66EA-184C-4500-B7E3-FC306C9929A6}.Release|Any CPU.Build.0 = Release|Any CPU
		{A1039DC7-1BA2-4B98-8DAD-1A4F27E5606F}.Debug|Any CPU.ActiveCfg = Debug|Any CPU
		{A1039DC7-1BA2-4B98-8DAD-1A4F27E5606F}.Debug|Any CPU.Build.0 = Debug|Any CPU
		{A1039DC7-1BA2-4B98-8DAD-1A4F27E5606F}.Release|Any CPU.ActiveCfg = Release|Any CPU
		{A1039DC7-1BA2-4B98-8DAD-1A4F27E5606F}.Release|Any CPU.Build.0 = Release|Any CPU
		{C1D903D7-AA96-41FE-A534-05505CD5C788}.Debug|Any CPU.ActiveCfg = Debug|Any CPU
		{C1D903D7-AA96-41FE-A534-05505CD5C788}.Debug|Any CPU.Build.0 = Debug|Any CPU
		{C1D903D7-AA96-41FE-A534-05505CD5C788}.Release|Any CPU.ActiveCfg = Release|Any CPU
		{C1D903D7-AA96-41FE-A534-05505CD5C788}.Release|Any CPU.Build.0 = Release|Any CPU
		{430DAC02-27CF-4275-B48B-C2B74BBC96C3}.Debug|Any CPU.ActiveCfg = Debug|Any CPU
		{430DAC02-27CF-4275-B48B-C2B74BBC96C3}.Debug|Any CPU.Build.0 = Debug|Any CPU
		{430DAC02-27CF-4275-B48B-C2B74BBC96C3}.Release|Any CPU.ActiveCfg = Release|Any CPU
		{430DAC02-27CF-4275-B48B-C2B74BBC96C3}.Release|Any CPU.Build.0 = Release|Any CPU
		{CD61E6D5-59B9-4C7F-8ECE-3399603EFAFD}.Debug|Any CPU.ActiveCfg = Debug|Any CPU
		{CD61E6D5-59B9-4C7F-8ECE-3399603EFAFD}.Debug|Any CPU.Build.0 = Debug|Any CPU
		{CD61E6D5-59B9-4C7F-8ECE-3399603EFAFD}.Release|Any CPU.ActiveCfg = Release|Any CPU
		{CD61E6D5-59B9-4C7F-8ECE-3399603EFAFD}.Release|Any CPU.Build.0 = Release|Any CPU
		{9DD4116E-2868-4722-B916-CBA11C3999FD}.Debug|Any CPU.ActiveCfg = Debug|Any CPU
		{9DD4116E-2868-4722-B916-CBA11C3999FD}.Debug|Any CPU.Build.0 = Debug|Any CPU
		{9DD4116E-2868-4722-B916-CBA11C3999FD}.Release|Any CPU.ActiveCfg = Release|Any CPU
		{9DD4116E-2868-4722-B916-CBA11C3999FD}.Release|Any CPU.Build.0 = Release|Any CPU
		{C7B8C33E-2CDF-45F6-9C1B-891ED37558DA}.Debug|Any CPU.ActiveCfg = Debug|Any CPU
		{C7B8C33E-2CDF-45F6-9C1B-891ED37558DA}.Debug|Any CPU.Build.0 = Debug|Any CPU
		{C7B8C33E-2CDF-45F6-9C1B-891ED37558DA}.Release|Any CPU.ActiveCfg = Release|Any CPU
		{C7B8C33E-2CDF-45F6-9C1B-891ED37558DA}.Release|Any CPU.Build.0 = Release|Any CPU
		{111A9C4B-5408-4994-B7D1-75899861CA59}.Debug|Any CPU.ActiveCfg = Debug|Any CPU
		{111A9C4B-5408-4994-B7D1-75899861CA59}.Debug|Any CPU.Build.0 = Debug|Any CPU
		{111A9C4B-5408-4994-B7D1-75899861CA59}.Release|Any CPU.ActiveCfg = Release|Any CPU
		{111A9C4B-5408-4994-B7D1-75899861CA59}.Release|Any CPU.Build.0 = Release|Any CPU
		{261A6364-F1B7-4F8D-B89B-4078604AB54E}.Debug|Any CPU.ActiveCfg = Debug|Any CPU
		{261A6364-F1B7-4F8D-B89B-4078604AB54E}.Debug|Any CPU.Build.0 = Debug|Any CPU
		{261A6364-F1B7-4F8D-B89B-4078604AB54E}.Release|Any CPU.ActiveCfg = Release|Any CPU
		{261A6364-F1B7-4F8D-B89B-4078604AB54E}.Release|Any CPU.Build.0 = Release|Any CPU
		{6B08E892-B99C-42A4-933C-D4BE95D18087}.Debug|Any CPU.ActiveCfg = Debug|Any CPU
		{6B08E892-B99C-42A4-933C-D4BE95D18087}.Debug|Any CPU.Build.0 = Debug|Any CPU
		{6B08E892-B99C-42A4-933C-D4BE95D18087}.Release|Any CPU.ActiveCfg = Release|Any CPU
		{6B08E892-B99C-42A4-933C-D4BE95D18087}.Release|Any CPU.Build.0 = Release|Any CPU
		{4E22F0FB-B465-48F4-92DD-B23456101903}.Debug|Any CPU.ActiveCfg = Debug|Any CPU
		{4E22F0FB-B465-48F4-92DD-B23456101903}.Debug|Any CPU.Build.0 = Debug|Any CPU
		{4E22F0FB-B465-48F4-92DD-B23456101903}.Release|Any CPU.ActiveCfg = Release|Any CPU
		{4E22F0FB-B465-48F4-92DD-B23456101903}.Release|Any CPU.Build.0 = Release|Any CPU
		{54D2F837-957C-458F-86D1-6262C64A692D}.Debug|Any CPU.ActiveCfg = Debug|Any CPU
		{54D2F837-957C-458F-86D1-6262C64A692D}.Debug|Any CPU.Build.0 = Debug|Any CPU
		{54D2F837-957C-458F-86D1-6262C64A692D}.Release|Any CPU.ActiveCfg = Release|Any CPU
		{54D2F837-957C-458F-86D1-6262C64A692D}.Release|Any CPU.Build.0 = Release|Any CPU
		{B7D354DA-89A6-428D-8445-E4A526386C00}.Debug|Any CPU.ActiveCfg = Debug|Any CPU
		{B7D354DA-89A6-428D-8445-E4A526386C00}.Debug|Any CPU.Build.0 = Debug|Any CPU
		{B7D354DA-89A6-428D-8445-E4A526386C00}.Release|Any CPU.ActiveCfg = Release|Any CPU
		{B7D354DA-89A6-428D-8445-E4A526386C00}.Release|Any CPU.Build.0 = Release|Any CPU
		{80C136F5-5B33-4150-8A7B-A7337D522DDE}.Debug|Any CPU.ActiveCfg = Debug|Any CPU
		{80C136F5-5B33-4150-8A7B-A7337D522DDE}.Debug|Any CPU.Build.0 = Debug|Any CPU
		{80C136F5-5B33-4150-8A7B-A7337D522DDE}.Release|Any CPU.ActiveCfg = Release|Any CPU
		{80C136F5-5B33-4150-8A7B-A7337D522DDE}.Release|Any CPU.Build.0 = Release|Any CPU
		{25E82AE2-C8F8-4869-8861-CB5D06655D2A}.Debug|Any CPU.ActiveCfg = Debug|Any CPU
		{25E82AE2-C8F8-4869-8861-CB5D06655D2A}.Debug|Any CPU.Build.0 = Debug|Any CPU
		{25E82AE2-C8F8-4869-8861-CB5D06655D2A}.Release|Any CPU.ActiveCfg = Release|Any CPU
		{25E82AE2-C8F8-4869-8861-CB5D06655D2A}.Release|Any CPU.Build.0 = Release|Any CPU
		{52FAA727-DF94-4C58-A870-656EE756FD32}.Debug|Any CPU.ActiveCfg = Debug|Any CPU
		{52FAA727-DF94-4C58-A870-656EE756FD32}.Debug|Any CPU.Build.0 = Debug|Any CPU
		{52FAA727-DF94-4C58-A870-656EE756FD32}.Release|Any CPU.ActiveCfg = Release|Any CPU
		{52FAA727-DF94-4C58-A870-656EE756FD32}.Release|Any CPU.Build.0 = Release|Any CPU
		{0BA57A63-2D3A-485C-BE8B-8188B22DCC90}.Debug|Any CPU.ActiveCfg = Debug|Any CPU
		{0BA57A63-2D3A-485C-BE8B-8188B22DCC90}.Debug|Any CPU.Build.0 = Debug|Any CPU
		{0BA57A63-2D3A-485C-BE8B-8188B22DCC90}.Release|Any CPU.ActiveCfg = Release|Any CPU
		{0BA57A63-2D3A-485C-BE8B-8188B22DCC90}.Release|Any CPU.Build.0 = Release|Any CPU
		{75EB9FE1-4D67-46DC-9A3D-C4168C5E6DB6}.Debug|Any CPU.ActiveCfg = Debug|Any CPU
		{75EB9FE1-4D67-46DC-9A3D-C4168C5E6DB6}.Debug|Any CPU.Build.0 = Debug|Any CPU
		{75EB9FE1-4D67-46DC-9A3D-C4168C5E6DB6}.Release|Any CPU.ActiveCfg = Release|Any CPU
		{75EB9FE1-4D67-46DC-9A3D-C4168C5E6DB6}.Release|Any CPU.Build.0 = Release|Any CPU
		{DA626A15-0802-4103-AF2B-947F1E4ED786}.Debug|Any CPU.ActiveCfg = Debug|Any CPU
		{DA626A15-0802-4103-AF2B-947F1E4ED786}.Debug|Any CPU.Build.0 = Debug|Any CPU
		{DA626A15-0802-4103-AF2B-947F1E4ED786}.Release|Any CPU.ActiveCfg = Release|Any CPU
		{DA626A15-0802-4103-AF2B-947F1E4ED786}.Release|Any CPU.Build.0 = Release|Any CPU
		{FB9D1BED-6723-475A-80DB-40FFC1DD2B6B}.Debug|Any CPU.ActiveCfg = Debug|Any CPU
		{FB9D1BED-6723-475A-80DB-40FFC1DD2B6B}.Debug|Any CPU.Build.0 = Debug|Any CPU
		{FB9D1BED-6723-475A-80DB-40FFC1DD2B6B}.Release|Any CPU.ActiveCfg = Release|Any CPU
		{FB9D1BED-6723-475A-80DB-40FFC1DD2B6B}.Release|Any CPU.Build.0 = Release|Any CPU
		{84EE4FEC-BB21-4B66-893E-5C9225FF8FB5}.Debug|Any CPU.ActiveCfg = Debug|Any CPU
		{84EE4FEC-BB21-4B66-893E-5C9225FF8FB5}.Debug|Any CPU.Build.0 = Debug|Any CPU
		{84EE4FEC-BB21-4B66-893E-5C9225FF8FB5}.Release|Any CPU.ActiveCfg = Release|Any CPU
		{84EE4FEC-BB21-4B66-893E-5C9225FF8FB5}.Release|Any CPU.Build.0 = Release|Any CPU
		{368DBCE6-1209-4681-A52D-F1D8264641AC}.Debug|Any CPU.ActiveCfg = Debug|Any CPU
		{368DBCE6-1209-4681-A52D-F1D8264641AC}.Debug|Any CPU.Build.0 = Debug|Any CPU
		{368DBCE6-1209-4681-A52D-F1D8264641AC}.Release|Any CPU.ActiveCfg = Release|Any CPU
		{368DBCE6-1209-4681-A52D-F1D8264641AC}.Release|Any CPU.Build.0 = Release|Any CPU
		{149CB870-260C-4615-B1CD-9D725967942E}.Debug|Any CPU.ActiveCfg = Debug|Any CPU
		{149CB870-260C-4615-B1CD-9D725967942E}.Debug|Any CPU.Build.0 = Debug|Any CPU
		{149CB870-260C-4615-B1CD-9D725967942E}.Release|Any CPU.ActiveCfg = Release|Any CPU
		{149CB870-260C-4615-B1CD-9D725967942E}.Release|Any CPU.Build.0 = Release|Any CPU
		{85A2AD4B-B811-4FDB-A915-4792B00A5BBA}.Debug|Any CPU.ActiveCfg = Debug|Any CPU
		{85A2AD4B-B811-4FDB-A915-4792B00A5BBA}.Debug|Any CPU.Build.0 = Debug|Any CPU
		{85A2AD4B-B811-4FDB-A915-4792B00A5BBA}.Release|Any CPU.ActiveCfg = Release|Any CPU
		{85A2AD4B-B811-4FDB-A915-4792B00A5BBA}.Release|Any CPU.Build.0 = Release|Any CPU
		{3113F69B-F366-4E35-8733-2A3EC35E1C8A}.Debug|Any CPU.ActiveCfg = Debug|Any CPU
		{3113F69B-F366-4E35-8733-2A3EC35E1C8A}.Debug|Any CPU.Build.0 = Debug|Any CPU
		{3113F69B-F366-4E35-8733-2A3EC35E1C8A}.Release|Any CPU.ActiveCfg = Release|Any CPU
		{3113F69B-F366-4E35-8733-2A3EC35E1C8A}.Release|Any CPU.Build.0 = Release|Any CPU
		{E68F0D6C-B321-4AA9-BBA1-6B7062FD4D2B}.Debug|Any CPU.ActiveCfg = Debug|Any CPU
		{E68F0D6C-B321-4AA9-BBA1-6B7062FD4D2B}.Debug|Any CPU.Build.0 = Debug|Any CPU
		{E68F0D6C-B321-4AA9-BBA1-6B7062FD4D2B}.Release|Any CPU.ActiveCfg = Release|Any CPU
		{E68F0D6C-B321-4AA9-BBA1-6B7062FD4D2B}.Release|Any CPU.Build.0 = Release|Any CPU
		{DB291F04-461D-4188-8BEB-682907BC166C}.Debug|Any CPU.ActiveCfg = Debug|Any CPU
		{DB291F04-461D-4188-8BEB-682907BC166C}.Debug|Any CPU.Build.0 = Debug|Any CPU
		{DB291F04-461D-4188-8BEB-682907BC166C}.Release|Any CPU.ActiveCfg = Release|Any CPU
		{DB291F04-461D-4188-8BEB-682907BC166C}.Release|Any CPU.Build.0 = Release|Any CPU
		{0BF950B2-62EA-4AC2-9F0C-8EF195D8F3C3}.Debug|Any CPU.ActiveCfg = Debug|Any CPU
		{0BF950B2-62EA-4AC2-9F0C-8EF195D8F3C3}.Debug|Any CPU.Build.0 = Debug|Any CPU
		{0BF950B2-62EA-4AC2-9F0C-8EF195D8F3C3}.Release|Any CPU.ActiveCfg = Release|Any CPU
		{0BF950B2-62EA-4AC2-9F0C-8EF195D8F3C3}.Release|Any CPU.Build.0 = Release|Any CPU
		{BF1D42E3-0E67-478A-9276-EAEB879B22ED}.Debug|Any CPU.ActiveCfg = Debug|Any CPU
		{BF1D42E3-0E67-478A-9276-EAEB879B22ED}.Debug|Any CPU.Build.0 = Debug|Any CPU
		{BF1D42E3-0E67-478A-9276-EAEB879B22ED}.Release|Any CPU.ActiveCfg = Release|Any CPU
		{BF1D42E3-0E67-478A-9276-EAEB879B22ED}.Release|Any CPU.Build.0 = Release|Any CPU
		{19390106-814C-4978-8191-31F47EFAD2AA}.Debug|Any CPU.ActiveCfg = Debug|Any CPU
		{19390106-814C-4978-8191-31F47EFAD2AA}.Debug|Any CPU.Build.0 = Debug|Any CPU
		{19390106-814C-4978-8191-31F47EFAD2AA}.Release|Any CPU.ActiveCfg = Release|Any CPU
		{19390106-814C-4978-8191-31F47EFAD2AA}.Release|Any CPU.Build.0 = Release|Any CPU
		{BB236570-80E8-41C0-B969-4FA8A1BD9177}.Debug|Any CPU.ActiveCfg = Debug|Any CPU
		{BB236570-80E8-41C0-B969-4FA8A1BD9177}.Debug|Any CPU.Build.0 = Debug|Any CPU
		{BB236570-80E8-41C0-B969-4FA8A1BD9177}.Release|Any CPU.ActiveCfg = Release|Any CPU
		{BB236570-80E8-41C0-B969-4FA8A1BD9177}.Release|Any CPU.Build.0 = Release|Any CPU
		{BAFFD411-8AE5-43D9-A9B1-04FF699E4F69}.Debug|Any CPU.ActiveCfg = Debug|Any CPU
		{BAFFD411-8AE5-43D9-A9B1-04FF699E4F69}.Debug|Any CPU.Build.0 = Debug|Any CPU
		{BAFFD411-8AE5-43D9-A9B1-04FF699E4F69}.Release|Any CPU.ActiveCfg = Release|Any CPU
		{BAFFD411-8AE5-43D9-A9B1-04FF699E4F69}.Release|Any CPU.Build.0 = Release|Any CPU
		{9D97F69D-C997-4B00-9899-0F73147C7B9C}.Debug|Any CPU.ActiveCfg = Debug|Any CPU
		{9D97F69D-C997-4B00-9899-0F73147C7B9C}.Debug|Any CPU.Build.0 = Debug|Any CPU
		{9D97F69D-C997-4B00-9899-0F73147C7B9C}.Release|Any CPU.ActiveCfg = Release|Any CPU
		{9D97F69D-C997-4B00-9899-0F73147C7B9C}.Release|Any CPU.Build.0 = Release|Any CPU
		{F29B5CA8-6D99-441A-96E0-A69375EC101E}.Debug|Any CPU.ActiveCfg = Debug|Any CPU
		{F29B5CA8-6D99-441A-96E0-A69375EC101E}.Debug|Any CPU.Build.0 = Debug|Any CPU
		{F29B5CA8-6D99-441A-96E0-A69375EC101E}.Release|Any CPU.ActiveCfg = Release|Any CPU
		{F29B5CA8-6D99-441A-96E0-A69375EC101E}.Release|Any CPU.Build.0 = Release|Any CPU
	EndGlobalSection
	GlobalSection(SolutionProperties) = preSolution
		HideSolutionNode = FALSE
	EndGlobalSection
	GlobalSection(NestedProjects) = preSolution
		{F58D85C0-4EB9-4B86-AF8A-986B5F2DC492} = {E791F013-2B21-44B4-9354-89E20D41013A}
		{BB3ADE79-F6DA-469B-82B8-413FDB36DA33} = {F5F95DC2-3A78-4FDC-B001-1A5071FF817E}
		{B48B3E2A-274B-4120-A95F-D4F50203D47E} = {F5F95DC2-3A78-4FDC-B001-1A5071FF817E}
		{AA2A0E0B-25BD-4075-8DFE-52D85A4A7EA6} = {F5F95DC2-3A78-4FDC-B001-1A5071FF817E}
		{B07F5ED0-200E-4B86-BE04-F5612422E5B3} = {F5F95DC2-3A78-4FDC-B001-1A5071FF817E}
		{00B9AC66-3053-44F7-8B95-2D38BC7FBB9D} = {F5F95DC2-3A78-4FDC-B001-1A5071FF817E}
		{1A60CD4E-ADAC-4A39-AED3-93336BCA7774} = {F5F95DC2-3A78-4FDC-B001-1A5071FF817E}
		{443DC863-8CDA-4697-81E9-E4A88CB70CE5} = {F5F95DC2-3A78-4FDC-B001-1A5071FF817E}
		{A25DC0DE-4D3E-40E1-8F4B-C3E1A9FD5567} = {F5F95DC2-3A78-4FDC-B001-1A5071FF817E}
		{4814BC7B-F19A-4264-AFD1-162E1AAA127D} = {F5F95DC2-3A78-4FDC-B001-1A5071FF817E}
		{8899FBBA-0997-40E3-90D5-3A7FF9C6E8B9} = {14BF6657-C209-4BD3-9377-01445839BED6}
		{3325E0BC-D635-4CAC-9F87-5B61B9A0E7F2} = {E791F013-2B21-44B4-9354-89E20D41013A}
		{2B090EFB-FA78-4231-A83D-2114F23AC243} = {14BF6657-C209-4BD3-9377-01445839BED6}
		{90BFBC64-6624-4117-834D-3A91D7B7046F} = {14BF6657-C209-4BD3-9377-01445839BED6}
		{2FEFDD9F-2B3C-4B27-B48A-232B727D98D1} = {14BF6657-C209-4BD3-9377-01445839BED6}
		{55940411-6539-4426-927D-1F1855CC60FF} = {14BF6657-C209-4BD3-9377-01445839BED6}
		{ECB42E64-4734-4733-B4E3-E655022655B0} = {14BF6657-C209-4BD3-9377-01445839BED6}
		{6228D22C-43A6-4C87-B4E3-80D2A0976967} = {14BF6657-C209-4BD3-9377-01445839BED6}
		{B0B3C005-C346-4EB9-91AC-C7760AC457B4} = {14BF6657-C209-4BD3-9377-01445839BED6}
		{8B43491A-B93A-41BD-8127-42F1336E8194} = {14BF6657-C209-4BD3-9377-01445839BED6}
		{D8392E6B-250B-477F-8987-17D5BABC0EE2} = {1AB4C0FD-0274-4C6E-8187-D6459BD340C4}
		{F27C15CF-B978-40F0-949D-F1C6E4B76693} = {1AB4C0FD-0274-4C6E-8187-D6459BD340C4}
		{6C20F254-FAE3-4E38-B162-57F902611D7F} = {1AB4C0FD-0274-4C6E-8187-D6459BD340C4}
		{79D335EF-25F2-4322-A4E6-4C6758886366} = {1AB4C0FD-0274-4C6E-8187-D6459BD340C4}
		{DD3140A4-E3C3-4CB7-A4D0-EC64B464ACA9} = {E791F013-2B21-44B4-9354-89E20D41013A}
		{91732F48-CF02-4F9A-B7AF-D1F09D529EE7} = {1AB4C0FD-0274-4C6E-8187-D6459BD340C4}
		{836E0804-C863-44FF-A8D0-5F49953EB710} = {3BF155BB-946B-445B-87DC-651709688EBE}
		{EEC07460-A031-49F4-8BC7-0B70E291D6F6} = {1AB4C0FD-0274-4C6E-8187-D6459BD340C4}
		{3313CF9B-F957-489D-9093-D7D02BEE4337} = {1AB4C0FD-0274-4C6E-8187-D6459BD340C4}
		{4F4AF7ED-2690-4676-AA8A-0BB8512DAB57} = {1AB4C0FD-0274-4C6E-8187-D6459BD340C4}
		{CB8DBB2D-F2A4-4D52-8C08-97C888AA8DD8} = {3BF155BB-946B-445B-87DC-651709688EBE}
		{C6B59DC6-6F96-4EDD-8E8E-EEB717B3F779} = {1AB4C0FD-0274-4C6E-8187-D6459BD340C4}
		{DAB4F357-11BB-4B0F-89B1-86D6D0195E7A} = {3BF155BB-946B-445B-87DC-651709688EBE}
		{3F5446BC-7032-4612-AF7F-A3B4647D41D6} = {E791F013-2B21-44B4-9354-89E20D41013A}
		{1CD48906-B022-41B0-995F-96B6B61D093C} = {3BF155BB-946B-445B-87DC-651709688EBE}
		{AF544613-1E68-4CFC-9797-C7871F473C73} = {34027C59-44DE-4283-A679-A3002D1B229C}
		{F5F95DC2-3A78-4FDC-B001-1A5071FF817E} = {262BC5F9-3C4C-4A2C-A7EF-49D0D48E8DF6}
		{14BF6657-C209-4BD3-9377-01445839BED6} = {262BC5F9-3C4C-4A2C-A7EF-49D0D48E8DF6}
		{1AB4C0FD-0274-4C6E-8187-D6459BD340C4} = {262BC5F9-3C4C-4A2C-A7EF-49D0D48E8DF6}
		{34027C59-44DE-4283-A679-A3002D1B229C} = {262BC5F9-3C4C-4A2C-A7EF-49D0D48E8DF6}
		{0C7866F5-12E8-493E-AD48-8DDEEB2A1310} = {34027C59-44DE-4283-A679-A3002D1B229C}
		{001F1CF8-16E4-460F-8A49-F946C9F096AE} = {3BF155BB-946B-445B-87DC-651709688EBE}
		{AB5E5AD9-F558-477A-8917-CFD92ADC10B8} = {262BC5F9-3C4C-4A2C-A7EF-49D0D48E8DF6}
		{1A864E34-536C-41D3-B84F-6B3DFCAD471F} = {AB5E5AD9-F558-477A-8917-CFD92ADC10B8}
		{27062C4C-21D9-4D04-A14C-D45DAD45CAC9} = {3BF155BB-946B-445B-87DC-651709688EBE}
		{8A847561-3D4A-4F37-A226-9825233D3531} = {AB5E5AD9-F558-477A-8917-CFD92ADC10B8}
		{DC979F58-B806-47A1-87B2-DCF63657CB01} = {3BF155BB-946B-445B-87DC-651709688EBE}
		{537A9CD1-FD55-4A1C-8D60-486FCF22DE7D} = {34027C59-44DE-4283-A679-A3002D1B229C}
		{4F780553-E0D3-4E9E-8EAF-455F18FAEB3E} = {E791F013-2B21-44B4-9354-89E20D41013A}
		{945ACCDF-D45B-4A10-9FDA-11DFC95A74C3} = {3BF155BB-946B-445B-87DC-651709688EBE}
		{99E8ED03-1EEC-4406-AF2D-B14933323183} = {AB5E5AD9-F558-477A-8917-CFD92ADC10B8}
		{9C4F7B04-6B3A-48B9-83DA-755ACE58D947} = {3BF155BB-946B-445B-87DC-651709688EBE}
		{1D321389-68A9-466A-88C1-08A083F97E04} = {AB5E5AD9-F558-477A-8917-CFD92ADC10B8}
		{0646A03A-F70D-4643-B0CF-35A2E2E55622} = {3BF155BB-946B-445B-87DC-651709688EBE}
		{C163F16F-F10F-43FC-A2D7-085E56897F37} = {34027C59-44DE-4283-A679-A3002D1B229C}
		{7779B8F3-0D26-4A17-A728-42E8725A3DD3} = {34027C59-44DE-4283-A679-A3002D1B229C}
		{C80A3367-9C3A-4500-A4BF-F5C3CEE58B5A} = {262BC5F9-3C4C-4A2C-A7EF-49D0D48E8DF6}
		{21FE5690-3D70-4E0F-8AE0-DF85FC073438} = {C80A3367-9C3A-4500-A4BF-F5C3CEE58B5A}
		{EA9EEC01-DA8D-4659-9E04-CAD1287FAE83} = {C80A3367-9C3A-4500-A4BF-F5C3CEE58B5A}
		{9608CE29-4BAD-4502-AB4C-B0E47F7DBD25} = {C80A3367-9C3A-4500-A4BF-F5C3CEE58B5A}
		{4EEB66EA-184C-4500-B7E3-FC306C9929A6} = {3BF155BB-946B-445B-87DC-651709688EBE}
		{A1039DC7-1BA2-4B98-8DAD-1A4F27E5606F} = {C80A3367-9C3A-4500-A4BF-F5C3CEE58B5A}
		{79AA638D-EFF1-4CBA-9055-53F9648BDCE8} = {262BC5F9-3C4C-4A2C-A7EF-49D0D48E8DF6}
		{C1D903D7-AA96-41FE-A534-05505CD5C788} = {3BF155BB-946B-445B-87DC-651709688EBE}
		{430DAC02-27CF-4275-B48B-C2B74BBC96C3} = {79AA638D-EFF1-4CBA-9055-53F9648BDCE8}
		{CD61E6D5-59B9-4C7F-8ECE-3399603EFAFD} = {3BF155BB-946B-445B-87DC-651709688EBE}
		{9DD4116E-2868-4722-B916-CBA11C3999FD} = {79AA638D-EFF1-4CBA-9055-53F9648BDCE8}
		{C7B8C33E-2CDF-45F6-9C1B-891ED37558DA} = {3BF155BB-946B-445B-87DC-651709688EBE}
		{111A9C4B-5408-4994-B7D1-75899861CA59} = {79AA638D-EFF1-4CBA-9055-53F9648BDCE8}
		{261A6364-F1B7-4F8D-B89B-4078604AB54E} = {3BF155BB-946B-445B-87DC-651709688EBE}
		{6B08E892-B99C-42A4-933C-D4BE95D18087} = {AB5E5AD9-F558-477A-8917-CFD92ADC10B8}
		{4E22F0FB-B465-48F4-92DD-B23456101903} = {3BF155BB-946B-445B-87DC-651709688EBE}
		{54D2F837-957C-458F-86D1-6262C64A692D} = {E791F013-2B21-44B4-9354-89E20D41013A}
		{0ACDCDD1-0898-4565-A7A5-23DFF2F4A536} = {262BC5F9-3C4C-4A2C-A7EF-49D0D48E8DF6}
		{B7D354DA-89A6-428D-8445-E4A526386C00} = {3BF155BB-946B-445B-87DC-651709688EBE}
		{80C136F5-5B33-4150-8A7B-A7337D522DDE} = {0ACDCDD1-0898-4565-A7A5-23DFF2F4A536}
		{25E82AE2-C8F8-4869-8861-CB5D06655D2A} = {759401C8-6E70-4A25-B6A2-58F4B707B120}
		{52FAA727-DF94-4C58-A870-656EE756FD32} = {DA47CC5C-AFD0-48D2-8F86-A93B4D2F1F8A}
		{759401C8-6E70-4A25-B6A2-58F4B707B120} = {DA47CC5C-AFD0-48D2-8F86-A93B4D2F1F8A}
		{0BA57A63-2D3A-485C-BE8B-8188B22DCC90} = {759401C8-6E70-4A25-B6A2-58F4B707B120}
		{75EB9FE1-4D67-46DC-9A3D-C4168C5E6DB6} = {DA47CC5C-AFD0-48D2-8F86-A93B4D2F1F8A}
		{DA626A15-0802-4103-AF2B-947F1E4ED786} = {3BF155BB-946B-445B-87DC-651709688EBE}
		{FB9D1BED-6723-475A-80DB-40FFC1DD2B6B} = {0ACDCDD1-0898-4565-A7A5-23DFF2F4A536}
		{84EE4FEC-BB21-4B66-893E-5C9225FF8FB5} = {759401C8-6E70-4A25-B6A2-58F4B707B120}
		{368DBCE6-1209-4681-A52D-F1D8264641AC} = {DA47CC5C-AFD0-48D2-8F86-A93B4D2F1F8A}
		{149CB870-260C-4615-B1CD-9D725967942E} = {759401C8-6E70-4A25-B6A2-58F4B707B120}
		{85A2AD4B-B811-4FDB-A915-4792B00A5BBA} = {DA47CC5C-AFD0-48D2-8F86-A93B4D2F1F8A}
		{3113F69B-F366-4E35-8733-2A3EC35E1C8A} = {759401C8-6E70-4A25-B6A2-58F4B707B120}
		{E68F0D6C-B321-4AA9-BBA1-6B7062FD4D2B} = {DA47CC5C-AFD0-48D2-8F86-A93B4D2F1F8A}
		{DB291F04-461D-4188-8BEB-682907BC166C} = {759401C8-6E70-4A25-B6A2-58F4B707B120}
		{0BF950B2-62EA-4AC2-9F0C-8EF195D8F3C3} = {DA47CC5C-AFD0-48D2-8F86-A93B4D2F1F8A}
		{BF1D42E3-0E67-478A-9276-EAEB879B22ED} = {759401C8-6E70-4A25-B6A2-58F4B707B120}
		{19390106-814C-4978-8191-31F47EFAD2AA} = {DA47CC5C-AFD0-48D2-8F86-A93B4D2F1F8A}
		{BB236570-80E8-41C0-B969-4FA8A1BD9177} = {3BF155BB-946B-445B-87DC-651709688EBE}
		{BAFFD411-8AE5-43D9-A9B1-04FF699E4F69} = {C80A3367-9C3A-4500-A4BF-F5C3CEE58B5A}
		{9D97F69D-C997-4B00-9899-0F73147C7B9C} = {3BF155BB-946B-445B-87DC-651709688EBE}
		{F29B5CA8-6D99-441A-96E0-A69375EC101E} = {0ACDCDD1-0898-4565-A7A5-23DFF2F4A536}
	EndGlobalSection
	GlobalSection(ExtensibilityGlobals) = postSolution
		SolutionGuid = {D36C75F9-906C-4F4F-ADF6-2B0491300935}
	EndGlobalSection
EndGlobal
